
Microsoft Visual Studio Solution File, Format Version 12.00
# Visual Studio Version 17
VisualStudioVersion = 17.4.33213.308
MinimumVisualStudioVersion = 10.0.40219.1
Project("{FAE04EC0-301F-11D3-BF4B-00C04F79EFBC}") = "Core", "Core\Core.csproj", "{29CFB830-70FC-4F44-A634-0D45078565A5}"
EndProject
Project("{FAE04EC0-301F-11D3-BF4B-00C04F79EFBC}") = "Data", "Data\Data.csproj", "{B02DA57B-97B0-4121-BC2F-EC4A1A0DDFE4}"
EndProject
Project("{FAE04EC0-301F-11D3-BF4B-00C04F79EFBC}") = "Presentation", "Presentation\Presentation.csproj", "{37ABCCFD-5C10-4567-AF54-FC87FD26EDEF}"
EndProject
Global
	GlobalSection(SolutionConfigurationPlatforms) = preSolution
		Debug|Any CPU = Debug|Any CPU
		Release|Any CPU = Release|Any CPU
	EndGlobalSection
	GlobalSection(ProjectConfigurationPlatforms) = postSolution
		{29CFB830-70FC-4F44-A634-0D45078565A5}.Debug|Any CPU.ActiveCfg = Debug|Any CPU
		{29CFB830-70FC-4F44-A634-0D45078565A5}.Debug|Any CPU.Build.0 = Debug|Any CPU
		{29CFB830-70FC-4F44-A634-0D45078565A5}.Release|Any CPU.ActiveCfg = Release|Any CPU
		{29CFB830-70FC-4F44-A634-0D45078565A5}.Release|Any CPU.Build.0 = Release|Any CPU
		{B02DA57B-97B0-4121-BC2F-EC4A1A0DDFE4}.Debug|Any CPU.ActiveCfg = Debug|Any CPU
		{B02DA57B-97B0-4121-BC2F-EC4A1A0DDFE4}.Debug|Any CPU.Build.0 = Debug|Any CPU
		{B02DA57B-97B0-4121-BC2F-EC4A1A0DDFE4}.Release|Any CPU.ActiveCfg = Release|Any CPU
		{B02DA57B-97B0-4121-BC2F-EC4A1A0DDFE4}.Release|Any CPU.Build.0 = Release|Any CPU
		{37ABCCFD-5C10-4567-AF54-FC87FD26EDEF}.Debug|Any CPU.ActiveCfg = Debug|Any CPU
		{37ABCCFD-5C10-4567-AF54-FC87FD26EDEF}.Debug|Any CPU.Build.0 = Debug|Any CPU
		{37ABCCFD-5C10-4567-AF54-FC87FD26EDEF}.Release|Any CPU.ActiveCfg = Release|Any CPU
		{37ABCCFD-5C10-4567-AF54-FC87FD26EDEF}.Release|Any CPU.Build.0 = Release|Any CPU
	EndGlobalSection
	GlobalSection(SolutionProperties) = preSolution
		HideSolutionNode = FALSE
	EndGlobalSection
	GlobalSection(ExtensibilityGlobals) = postSolution
		SolutionGuid = {59986012-EE09-45A7-AB68-67470503D18D}
	EndGlobalSection
EndGlobal
